
Microsoft Visual Studio Solution File, Format Version 12.00
# Visual Studio 15
VisualStudioVersion = 15.0.28307.1525
MinimumVisualStudioVersion = 10.0.40219.1
Project("{FAE04EC0-301F-11D3-BF4B-00C04F79EFBC}") = "test base", "test base\test base.csproj", "{8F4F05AC-14CD-45A5-9020-08E4323B75F6}"
EndProject
Global
	GlobalSection(SolutionConfigurationPlatforms) = preSolution
		Debug|Any CPU = Debug|Any CPU
		Release|Any CPU = Release|Any CPU
	EndGlobalSection
	GlobalSection(ProjectConfigurationPlatforms) = postSolution
		{8F4F05AC-14CD-45A5-9020-08E4323B75F6}.Debug|Any CPU.ActiveCfg = Debug|Any CPU
		{8F4F05AC-14CD-45A5-9020-08E4323B75F6}.Debug|Any CPU.Build.0 = Debug|Any CPU
		{8F4F05AC-14CD-45A5-9020-08E4323B75F6}.Release|Any CPU.ActiveCfg = Release|Any CPU
		{8F4F05AC-14CD-45A5-9020-08E4323B75F6}.Release|Any CPU.Build.0 = Release|Any CPU
	EndGlobalSection
	GlobalSection(SolutionProperties) = preSolution
		HideSolutionNode = FALSE
	EndGlobalSection
	GlobalSection(ExtensibilityGlobals) = postSolution
		SolutionGuid = {0B7938F2-8013-4E36-A5DB-ABBA8F462E0D}
	EndGlobalSection
EndGlobal
